
Microsoft Visual Studio Solution File, Format Version 12.00
# Visual Studio 2012
Project("{FAE04EC0-301F-11D3-BF4B-00C04F79EFBC}") = "Kalorilaskuri", "Kalorilaskuri\Kalorilaskuri.csproj", "{765CE692-EF32-41BB-BA9E-42DA70651390}"
EndProject
Project("{2150E333-8FDC-42A3-9474-1A3956D46DE8}") = "Solution Items", "Solution Items", "{0BB15F96-DDD4-44E7-8C5E-312E1618A8B7}"
	ProjectSection(SolutionItems) = preProject
		AlphaKeyGroup.cs = AlphaKeyGroup.cs
	EndProjectSection
EndProject
Project("{2150E333-8FDC-42A3-9474-1A3956D46DE8}") = ".nuget", ".nuget", "{4BBD0964-C914-4FA5-86B0-43BFE62E9133}"
	ProjectSection(SolutionItems) = preProject
		.nuget\NuGet.Config = .nuget\NuGet.Config
		.nuget\NuGet.exe = .nuget\NuGet.exe
		.nuget\NuGet.targets = .nuget\NuGet.targets
	EndProjectSection
EndProject
Global
	GlobalSection(SolutionConfigurationPlatforms) = preSolution
		Debug|Any CPU = Debug|Any CPU
		Debug|ARM = Debug|ARM
		Debug|x86 = Debug|x86
		Release|Any CPU = Release|Any CPU
		Release|ARM = Release|ARM
		Release|x86 = Release|x86
	EndGlobalSection
	GlobalSection(ProjectConfigurationPlatforms) = postSolution
		{765CE692-EF32-41BB-BA9E-42DA70651390}.Debug|Any CPU.ActiveCfg = Debug|Any CPU
		{765CE692-EF32-41BB-BA9E-42DA70651390}.Debug|Any CPU.Build.0 = Debug|Any CPU
		{765CE692-EF32-41BB-BA9E-42DA70651390}.Debug|Any CPU.Deploy.0 = Debug|Any CPU
		{765CE692-EF32-41BB-BA9E-42DA70651390}.Debug|ARM.ActiveCfg = Debug|ARM
		{765CE692-EF32-41BB-BA9E-42DA70651390}.Debug|ARM.Build.0 = Debug|ARM
		{765CE692-EF32-41BB-BA9E-42DA70651390}.Debug|ARM.Deploy.0 = Debug|ARM
		{765CE692-EF32-41BB-BA9E-42DA70651390}.Debug|x86.ActiveCfg = Debug|x86
		{765CE692-EF32-41BB-BA9E-42DA70651390}.Debug|x86.Build.0 = Debug|x86
		{765CE692-EF32-41BB-BA9E-42DA70651390}.Debug|x86.Deploy.0 = Debug|x86
		{765CE692-EF32-41BB-BA9E-42DA70651390}.Release|Any CPU.ActiveCfg = Release|Any CPU
		{765CE692-EF32-41BB-BA9E-42DA70651390}.Release|Any CPU.Build.0 = Release|Any CPU
		{765CE692-EF32-41BB-BA9E-42DA70651390}.Release|Any CPU.Deploy.0 = Release|Any CPU
		{765CE692-EF32-41BB-BA9E-42DA70651390}.Release|ARM.ActiveCfg = Release|ARM
		{765CE692-EF32-41BB-BA9E-42DA70651390}.Release|ARM.Build.0 = Release|ARM
		{765CE692-EF32-41BB-BA9E-42DA70651390}.Release|ARM.Deploy.0 = Release|ARM
		{765CE692-EF32-41BB-BA9E-42DA70651390}.Release|x86.ActiveCfg = Release|x86
		{765CE692-EF32-41BB-BA9E-42DA70651390}.Release|x86.Build.0 = Release|x86
		{765CE692-EF32-41BB-BA9E-42DA70651390}.Release|x86.Deploy.0 = Release|x86
	EndGlobalSection
	GlobalSection(SolutionProperties) = preSolution
		HideSolutionNode = FALSE
	EndGlobalSection
EndGlobal
